// !$*UTF8*$!
{
	archiveVersion = 1;
	classes = {
	};
	objectVersion = 46;
	objects = {

/* Begin PBXBuildFile section */
		168BE7E91D50AA2300560C63 /* AppDelegate.swift in Sources */ = {isa = PBXBuildFile; fileRef = 168BE7E81D50AA2300560C63 /* AppDelegate.swift */; };
		168BE7EB1D50AA2300560C63 /* ViewController.swift in Sources */ = {isa = PBXBuildFile; fileRef = 168BE7EA1D50AA2300560C63 /* ViewController.swift */; };
		168BE7EE1D50AA2300560C63 /* Main.storyboard in Resources */ = {isa = PBXBuildFile; fileRef = 168BE7EC1D50AA2300560C63 /* Main.storyboard */; };
		168BE7F11D50AA2300560C63 /* SimpleGPSTest.xcdatamodeld in Sources */ = {isa = PBXBuildFile; fileRef = 168BE7EF1D50AA2300560C63 /* SimpleGPSTest.xcdatamodeld */; };
		168BE7F31D50AA2300560C63 /* Assets.xcassets in Resources */ = {isa = PBXBuildFile; fileRef = 168BE7F21D50AA2300560C63 /* Assets.xcassets */; };
		168BE7F61D50AA2300560C63 /* LaunchScreen.storyboard in Resources */ = {isa = PBXBuildFile; fileRef = 168BE7F41D50AA2300560C63 /* LaunchScreen.storyboard */; };
		168BE7FE1D50B5EB00560C63 /* RestApiManager.swift in Sources */ = {isa = PBXBuildFile; fileRef = 168BE7FD1D50B5EB00560C63 /* RestApiManager.swift */; };
		168BE8001D50B65D00560C63 /* SwiftyJSON.swift in Sources */ = {isa = PBXBuildFile; fileRef = 168BE7FF1D50B65D00560C63 /* SwiftyJSON.swift */; };
/* End PBXBuildFile section */

/* Begin PBXFileReference section */
		168BE7E51D50AA2300560C63 /* SimpleGPSTest.app */ = {isa = PBXFileReference; explicitFileType = wrapper.application; includeInIndex = 0; path = SimpleGPSTest.app; sourceTree = BUILT_PRODUCTS_DIR; };
		168BE7E81D50AA2300560C63 /* AppDelegate.swift */ = {isa = PBXFileReference; lastKnownFileType = sourcecode.swift; path = AppDelegate.swift; sourceTree = "<group>"; };
		168BE7EA1D50AA2300560C63 /* ViewController.swift */ = {isa = PBXFileReference; lastKnownFileType = sourcecode.swift; path = ViewController.swift; sourceTree = "<group>"; };
		168BE7ED1D50AA2300560C63 /* Base */ = {isa = PBXFileReference; lastKnownFileType = file.storyboard; name = Base; path = Base.lproj/Main.storyboard; sourceTree = "<group>"; };
		168BE7F01D50AA2300560C63 /* SimpleGPSTest.xcdatamodel */ = {isa = PBXFileReference; lastKnownFileType = wrapper.xcdatamodel; path = SimpleGPSTest.xcdatamodel; sourceTree = "<group>"; };
		168BE7F21D50AA2300560C63 /* Assets.xcassets */ = {isa = PBXFileReference; lastKnownFileType = folder.assetcatalog; path = Assets.xcassets; sourceTree = "<group>"; };
		168BE7F51D50AA2300560C63 /* Base */ = {isa = PBXFileReference; lastKnownFileType = file.storyboard; name = Base; path = Base.lproj/LaunchScreen.storyboard; sourceTree = "<group>"; };
		168BE7F71D50AA2300560C63 /* Info.plist */ = {isa = PBXFileReference; lastKnownFileType = text.plist.xml; path = Info.plist; sourceTree = "<group>"; };
		168BE7FD1D50B5EB00560C63 /* RestApiManager.swift */ = {isa = PBXFileReference; fileEncoding = 4; lastKnownFileType = sourcecode.swift; path = RestApiManager.swift; sourceTree = "<group>"; };
		168BE7FF1D50B65D00560C63 /* SwiftyJSON.swift */ = {isa = PBXFileReference; fileEncoding = 4; lastKnownFileType = sourcecode.swift; path = SwiftyJSON.swift; sourceTree = "<group>"; };
/* End PBXFileReference section */

/* Begin PBXFrameworksBuildPhase section */
		168BE7E21D50AA2300560C63 /* Frameworks */ = {
			isa = PBXFrameworksBuildPhase;
			buildActionMask = 2147483647;
			files = (
			);
			runOnlyForDeploymentPostprocessing = 0;
		};
/* End PBXFrameworksBuildPhase section */

/* Begin PBXGroup section */
		168BE7DC1D50AA2300560C63 = {
			isa = PBXGroup;
			children = (
				168BE7E71D50AA2300560C63 /* SimpleGPSTest */,
				168BE7E61D50AA2300560C63 /* Products */,
			);
			sourceTree = "<group>";
		};
		168BE7E61D50AA2300560C63 /* Products */ = {
			isa = PBXGroup;
			children = (
				168BE7E51D50AA2300560C63 /* SimpleGPSTest.app */,
			);
			name = Products;
			sourceTree = "<group>";
		};
		168BE7E71D50AA2300560C63 /* SimpleGPSTest */ = {
			isa = PBXGroup;
			children = (
				168BE7E81D50AA2300560C63 /* AppDelegate.swift */,
				168BE7EA1D50AA2300560C63 /* ViewController.swift */,
				168BE7EC1D50AA2300560C63 /* Main.storyboard */,
				168BE7F21D50AA2300560C63 /* Assets.xcassets */,
				168BE7F41D50AA2300560C63 /* LaunchScreen.storyboard */,
				168BE7F71D50AA2300560C63 /* Info.plist */,
				168BE7EF1D50AA2300560C63 /* SimpleGPSTest.xcdatamodeld */,
				168BE7FD1D50B5EB00560C63 /* RestApiManager.swift */,
				168BE7FF1D50B65D00560C63 /* SwiftyJSON.swift */,
			);
			path = SimpleGPSTest;
			sourceTree = "<group>";
		};
/* End PBXGroup section */

/* Begin PBXNativeTarget section */
		168BE7E41D50AA2300560C63 /* SimpleGPSTest */ = {
			isa = PBXNativeTarget;
			buildConfigurationList = 168BE7FA1D50AA2300560C63 /* Build configuration list for PBXNativeTarget "SimpleGPSTest" */;
			buildPhases = (
				168BE7E11D50AA2300560C63 /* Sources */,
				168BE7E21D50AA2300560C63 /* Frameworks */,
				168BE7E31D50AA2300560C63 /* Resources */,
			);
			buildRules = (
			);
			dependencies = (
			);
			name = SimpleGPSTest;
			productName = SimpleGPSTest;
			productReference = 168BE7E51D50AA2300560C63 /* SimpleGPSTest.app */;
			productType = "com.apple.product-type.application";
		};
/* End PBXNativeTarget section */

/* Begin PBXProject section */
		168BE7DD1D50AA2300560C63 /* Project object */ = {
			isa = PBXProject;
			attributes = {
				LastSwiftUpdateCheck = 0730;
				LastUpgradeCheck = 0730;
				ORGANIZATIONNAME = "Peter Andersson";
				TargetAttributes = {
					168BE7E41D50AA2300560C63 = {
						CreatedOnToolsVersion = 7.3.1;
						DevelopmentTeam = 9UN5M89MCE;
					};
				};
			};
			buildConfigurationList = 168BE7E01D50AA2300560C63 /* Build configuration list for PBXProject "SimpleGPSTest" */;
			compatibilityVersion = "Xcode 3.2";
			developmentRegion = English;
			hasScannedForEncodings = 0;
			knownRegions = (
				en,
				Base,
			);
			mainGroup = 168BE7DC1D50AA2300560C63;
			productRefGroup = 168BE7E61D50AA2300560C63 /* Products */;
			projectDirPath = "";
			projectRoot = "";
			targets = (
				168BE7E41D50AA2300560C63 /* SimpleGPSTest */,
			);
		};
/* End PBXProject section */

/* Begin PBXResourcesBuildPhase section */
		168BE7E31D50AA2300560C63 /* Resources */ = {
			isa = PBXResourcesBuildPhase;
			buildActionMask = 2147483647;
			files = (
				168BE7F61D50AA2300560C63 /* LaunchScreen.storyboard in Resources */,
				168BE7F31D50AA2300560C63 /* Assets.xcassets in Resources */,
				168BE7EE1D50AA2300560C63 /* Main.storyboard in Resources */,
			);
			runOnlyForDeploymentPostprocessing = 0;
		};
/* End PBXResourcesBuildPhase section */

/* Begin PBXSourcesBuildPhase section */
		168BE7E11D50AA2300560C63 /* Sources */ = {
			isa = PBXSourcesBuildPhase;
			buildActionMask = 2147483647;
			files = (
				168BE7EB1D50AA2300560C63 /* ViewController.swift in Sources */,
				168BE7F11D50AA2300560C63 /* SimpleGPSTest.xcdatamodeld in Sources */,
				168BE7FE1D50B5EB00560C63 /* RestApiManager.swift in Sources */,
				168BE8001D50B65D00560C63 /* SwiftyJSON.swift in Sources */,
				168BE7E91D50AA2300560C63 /* AppDelegate.swift in Sources */,
			);
			runOnlyForDeploymentPostprocessing = 0;
		};
/* End PBXSourcesBuildPhase section */

/* Begin PBXVariantGroup section */
		168BE7EC1D50AA2300560C63 /* Main.storyboard */ = {
			isa = PBXVariantGroup;
			children = (
				168BE7ED1D50AA2300560C63 /* Base */,
			);
			name = Main.storyboard;
			sourceTree = "<group>";
		};
		168BE7F41D50AA2300560C63 /* LaunchScreen.storyboard */ = {
			isa = PBXVariantGroup;
			children = (
				168BE7F51D50AA2300560C63 /* Base */,
			);
			name = LaunchScreen.storyboard;
			sourceTree = "<group>";
		};
/* End PBXVariantGroup section */

/* Begin XCBuildConfiguration section */
		168BE7F81D50AA2300560C63 /* Debug */ = {
			isa = XCBuildConfiguration;
			buildSettings = {
				ALWAYS_SEARCH_USER_PATHS = NO;
				CLANG_ANALYZER_NONNULL = YES;
				CLANG_CXX_LANGUAGE_STANDARD = "gnu++0x";
				CLANG_CXX_LIBRARY = "libc++";
				CLANG_ENABLE_MODULES = YES;
				CLANG_ENABLE_OBJC_ARC = YES;
				CLANG_WARN_BOOL_CONVERSION = YES;
				CLANG_WARN_CONSTANT_CONVERSION = YES;
				CLANG_WARN_DIRECT_OBJC_ISA_USAGE = YES_ERROR;
				CLANG_WARN_EMPTY_BODY = YES;
				CLANG_WARN_ENUM_CONVERSION = YES;
				CLANG_WARN_INT_CONVERSION = YES;
				CLANG_WARN_OBJC_ROOT_CLASS = YES_ERROR;
				CLANG_WARN_UNREACHABLE_CODE = YES;
				CLANG_WARN__DUPLICATE_METHOD_MATCH = YES;
				"CODE_SIGN_IDENTITY[sdk=iphoneos*]" = "iPhone Developer";
				COPY_PHASE_STRIP = NO;
				DEBUG_INFORMATION_FORMAT = dwarf;
				ENABLE_STRICT_OBJC_MSGSEND = YES;
				ENABLE_TESTABILITY = YES;
				GCC_C_LANGUAGE_STANDARD = gnu99;
				GCC_DYNAMIC_NO_PIC = NO;
				GCC_NO_COMMON_BLOCKS = YES;
				GCC_OPTIMIZATION_LEVEL = 0;
				GCC_PREPROCESSOR_DEFINITIONS = (
					"DEBUG=1",
					"$(inherited)",
				);
				GCC_WARN_64_TO_32_BIT_CONVERSION = YES;
				GCC_WARN_ABOUT_RETURN_TYPE = YES_ERROR;
				GCC_WARN_UNDECLARED_SELECTOR = YES;
				GCC_WARN_UNINITIALIZED_AUTOS = YES_AGGRESSIVE;
				GCC_WARN_UNUSED_FUNCTION = YES;
				GCC_WARN_UNUSED_VARIABLE = YES;
				IPHONEOS_DEPLOYMENT_TARGET = 9.3;
				MTL_ENABLE_DEBUG_INFO = YES;
				ONLY_ACTIVE_ARCH = YES;
				SDKROOT = iphoneos;
				SWIFT_OPTIMIZATION_LEVEL = "-Onone";
				TARGETED_DEVICE_FAMILY = "1,2";
			};
			name = Debug;
		};
		168BE7F91D50AA2300560C63 /* Release */ = {
			isa = XCBuildConfiguration;
			buildSettings = {
				ALWAYS_SEARCH_USER_PATHS = NO;
				CLANG_ANALYZER_NONNULL = YES;
				CLANG_CXX_LANGUAGE_STANDARD = "gnu++0x";
				CLANG_CXX_LIBRARY = "libc++";
				CLANG_ENABLE_MODULES = YES;
				CLANG_ENABLE_OBJC_ARC = YES;
				CLANG_WARN_BOOL_CONVERSION = YES;
				CLANG_WARN_CONSTANT_CONVERSION = YES;
				CLANG_WARN_DIRECT_OBJC_ISA_USAGE = YES_ERROR;
				CLANG_WARN_EMPTY_BODY = YES;
				CLANG_WARN_ENUM_CONVERSION = YES;
				CLANG_WARN_INT_CONVERSION = YES;
				CLANG_WARN_OBJC_ROOT_CLASS = YES_ERROR;
				CLANG_WARN_UNREACHABLE_CODE = YES;
				CLANG_WARN__DUPLICATE_METHOD_MATCH = YES;
				"CODE_SIGN_IDENTITY[sdk=iphoneos*]" = "iPhone Developer";
				COPY_PHASE_STRIP = NO;
				DEBUG_INFORMATION_FORMAT = "dwarf-with-dsym";
				ENABLE_NS_ASSERTIONS = NO;
				ENABLE_STRICT_OBJC_MSGSEND = YES;
				GCC_C_LANGUAGE_STANDARD = gnu99;
				GCC_NO_COMMON_BLOCKS = YES;
				GCC_WARN_64_TO_32_BIT_CONVERSION = YES;
				GCC_WARN_ABOUT_RETURN_TYPE = YES_ERROR;
				GCC_WARN_UNDECLARED_SELECTOR = YES;
				GCC_WARN_UNINITIALIZED_AUTOS = YES_AGGRESSIVE;
				GCC_WARN_UNUSED_FUNCTION = YES;
				GCC_WARN_UNUSED_VARIABLE = YES;
				IPHONEOS_DEPLOYMENT_TARGET = 9.3;
				MTL_ENABLE_DEBUG_INFO = NO;
				SDKROOT = iphoneos;
				TARGETED_DEVICE_FAMILY = "1,2";
				VALIDATE_PRODUCT = YES;
			};
			name = Release;
		};
		168BE7FB1D50AA2300560C63 /* Debug */ = {
			isa = XCBuildConfiguration;
			buildSettings = {
				ASSETCATALOG_COMPILER_APPICON_NAME = AppIcon;
				INFOPLIST_FILE = SimpleGPSTest/Info.plist;
				LD_RUNPATH_SEARCH_PATHS = "$(inherited) @executable_path/Frameworks";
				PRODUCT_BUNDLE_IDENTIFIER = com.fsh.SimpleGPSTest;
				PRODUCT_NAME = "$(TARGET_NAME)";
			};
			name = Debug;
		};
		168BE7FC1D50AA2300560C63 /* Release */ = {
			isa = XCBuildConfiguration;
			buildSettings = {
				ASSETCATALOG_COMPILER_APPICON_NAME = AppIcon;
				INFOPLIST_FILE = SimpleGPSTest/Info.plist;
				LD_RUNPATH_SEARCH_PATHS = "$(inherited) @executable_path/Frameworks";
				PRODUCT_BUNDLE_IDENTIFIER = com.fsh.SimpleGPSTest;
				PRODUCT_NAME = "$(TARGET_NAME)";
			};
			name = Release;
		};
/* End XCBuildConfiguration section */

/* Begin XCConfigurationList section */
		168BE7E01D50AA2300560C63 /* Build configuration list for PBXProject "SimpleGPSTest" */ = {
			isa = XCConfigurationList;
			buildConfigurations = (
				168BE7F81D50AA2300560C63 /* Debug */,
				168BE7F91D50AA2300560C63 /* Release */,
			);
			defaultConfigurationIsVisible = 0;
			defaultConfigurationName = Release;
		};
		168BE7FA1D50AA2300560C63 /* Build configuration list for PBXNativeTarget "SimpleGPSTest" */ = {
			isa = XCConfigurationList;
			buildConfigurations = (
				168BE7FB1D50AA2300560C63 /* Debug */,
				168BE7FC1D50AA2300560C63 /* Release */,
			);
			defaultConfigurationIsVisible = 0;
		};
/* End XCConfigurationList section */

/* Begin XCVersionGroup section */
		168BE7EF1D50AA2300560C63 /* SimpleGPSTest.xcdatamodeld */ = {
			isa = XCVersionGroup;
			children = (
				168BE7F01D50AA2300560C63 /* SimpleGPSTest.xcdatamodel */,
			);
			currentVersion = 168BE7F01D50AA2300560C63 /* SimpleGPSTest.xcdatamodel */;
			path = SimpleGPSTest.xcdatamodeld;
			sourceTree = "<group>";
			versionGroupType = wrapper.xcdatamodel;
		};
/* End XCVersionGroup section */
	};
	rootObject = 168BE7DD1D50AA2300560C63 /* Project object */;
}
